
Microsoft Visual Studio Solution File, Format Version 12.00
# Visual Studio 2013
VisualStudioVersion = 12.0.40629.0
MinimumVisualStudioVersion = 10.0.40219.1
Project("{FAE04EC0-301F-11D3-BF4B-00C04F79EFBC}") = "P5.MVC.App", "P5.MVC.App\P5.MVC.App.csproj", "{6A256C8B-7B3A-4921-8862-A714AB92CC52}"
EndProject
Project("{FAE04EC0-301F-11D3-BF4B-00C04F79EFBC}") = "AA.Reference.App", "AA.Reference.App\AA.Reference.App.csproj", "{BE656428-D385-489C-AB26-D7A72B697399}"
EndProject
Project("{FAE04EC0-301F-11D3-BF4B-00C04F79EFBC}") = "P5.InMemoryIdenity.ForSingleExternalAuthOnly", "P5.InMemoryIdenity.ForSingleExternalAuthOnly\P5.InMemoryIdenity.ForSingleExternalAuthOnly.csproj", "{345DFDBC-4287-440D-945B-121B6736F390}"
EndProject
Project("{FAE04EC0-301F-11D3-BF4B-00C04F79EFBC}") = "P5.IdentityServer3AllInOne.App", "P5.IdentityServer3AllInOne.App\P5.IdentityServer3AllInOne.App.csproj", "{5AEF6D87-6B82-4718-A556-FECF6AFCE76C}"
EndProject
Project("{FAE04EC0-301F-11D3-BF4B-00C04F79EFBC}") = "P5.IdentityServerCore", "P5.IdentityServerCore\P5.IdentityServerCore.csproj", "{BD903BD0-8285-4C97-95E8-68F646432604}"
EndProject
Project("{FAE04EC0-301F-11D3-BF4B-00C04F79EFBC}") = "P5.AspNet.Identity.Biggy", "P5.AspNet.Identity.Biggy\P5.AspNet.Identity.Biggy.csproj", "{EC8C86FF-227C-493A-81EB-C3CDAA7741D2}"
EndProject
Project("{FAE04EC0-301F-11D3-BF4B-00C04F79EFBC}") = "P5.IdentityServerConsole.Client", "P5.IdentityServerConsole.Client\P5.IdentityServerConsole.Client.csproj", "{B6D7B957-BC40-4917-9B6A-F246A976883B}"
EndProject
Project("{2150E333-8FDC-42A3-9474-1A3956D46DE8}") = "Tests", "Tests", "{7307648D-A46C-476B-A233-BA9BA0B6D192}"
EndProject
Project("{FAE04EC0-301F-11D3-BF4B-00C04F79EFBC}") = "P5.IdentityServer3.BiggyJson.Test", "P5.IdentityServer3.BiggyJson.Test\P5.IdentityServer3.BiggyJson.Test.csproj", "{759FA5EA-93C5-480E-9D7D-32250DF57DFC}"
EndProject
Project("{FAE04EC0-301F-11D3-BF4B-00C04F79EFBC}") = "P5.IdentityServer3.BiggyJson", "P5.IdentityServer3.BiggyJson\P5.IdentityServer3.BiggyJson.csproj", "{9127F21E-3C4E-4276-855C-C2BC3B44360B}"
EndProject
Global
	GlobalSection(SolutionConfigurationPlatforms) = preSolution
		Debug|Any CPU = Debug|Any CPU
		Release|Any CPU = Release|Any CPU
	EndGlobalSection
	GlobalSection(ProjectConfigurationPlatforms) = postSolution
		{6A256C8B-7B3A-4921-8862-A714AB92CC52}.Debug|Any CPU.ActiveCfg = Debug|Any CPU
		{6A256C8B-7B3A-4921-8862-A714AB92CC52}.Debug|Any CPU.Build.0 = Debug|Any CPU
		{6A256C8B-7B3A-4921-8862-A714AB92CC52}.Release|Any CPU.ActiveCfg = Release|Any CPU
		{6A256C8B-7B3A-4921-8862-A714AB92CC52}.Release|Any CPU.Build.0 = Release|Any CPU
		{BE656428-D385-489C-AB26-D7A72B697399}.Debug|Any CPU.ActiveCfg = Debug|Any CPU
		{BE656428-D385-489C-AB26-D7A72B697399}.Debug|Any CPU.Build.0 = Debug|Any CPU
		{BE656428-D385-489C-AB26-D7A72B697399}.Release|Any CPU.ActiveCfg = Release|Any CPU
		{BE656428-D385-489C-AB26-D7A72B697399}.Release|Any CPU.Build.0 = Release|Any CPU
		{345DFDBC-4287-440D-945B-121B6736F390}.Debug|Any CPU.ActiveCfg = Debug|Any CPU
		{345DFDBC-4287-440D-945B-121B6736F390}.Debug|Any CPU.Build.0 = Debug|Any CPU
		{345DFDBC-4287-440D-945B-121B6736F390}.Release|Any CPU.ActiveCfg = Release|Any CPU
		{345DFDBC-4287-440D-945B-121B6736F390}.Release|Any CPU.Build.0 = Release|Any CPU
		{5AEF6D87-6B82-4718-A556-FECF6AFCE76C}.Debug|Any CPU.ActiveCfg = Debug|Any CPU
		{5AEF6D87-6B82-4718-A556-FECF6AFCE76C}.Debug|Any CPU.Build.0 = Debug|Any CPU
		{5AEF6D87-6B82-4718-A556-FECF6AFCE76C}.Release|Any CPU.ActiveCfg = Release|Any CPU
		{5AEF6D87-6B82-4718-A556-FECF6AFCE76C}.Release|Any CPU.Build.0 = Release|Any CPU
		{BD903BD0-8285-4C97-95E8-68F646432604}.Debug|Any CPU.ActiveCfg = Debug|Any CPU
		{BD903BD0-8285-4C97-95E8-68F646432604}.Debug|Any CPU.Build.0 = Debug|Any CPU
		{BD903BD0-8285-4C97-95E8-68F646432604}.Release|Any CPU.ActiveCfg = Release|Any CPU
		{BD903BD0-8285-4C97-95E8-68F646432604}.Release|Any CPU.Build.0 = Release|Any CPU
		{EC8C86FF-227C-493A-81EB-C3CDAA7741D2}.Debug|Any CPU.ActiveCfg = Debug|Any CPU
		{EC8C86FF-227C-493A-81EB-C3CDAA7741D2}.Debug|Any CPU.Build.0 = Debug|Any CPU
		{EC8C86FF-227C-493A-81EB-C3CDAA7741D2}.Release|Any CPU.ActiveCfg = Release|Any CPU
		{EC8C86FF-227C-493A-81EB-C3CDAA7741D2}.Release|Any CPU.Build.0 = Release|Any CPU
		{B6D7B957-BC40-4917-9B6A-F246A976883B}.Debug|Any CPU.ActiveCfg = Debug|Any CPU
		{B6D7B957-BC40-4917-9B6A-F246A976883B}.Debug|Any CPU.Build.0 = Debug|Any CPU
		{B6D7B957-BC40-4917-9B6A-F246A976883B}.Release|Any CPU.ActiveCfg = Release|Any CPU
		{B6D7B957-BC40-4917-9B6A-F246A976883B}.Release|Any CPU.Build.0 = Release|Any CPU
		{759FA5EA-93C5-480E-9D7D-32250DF57DFC}.Debug|Any CPU.ActiveCfg = Debug|Any CPU
		{759FA5EA-93C5-480E-9D7D-32250DF57DFC}.Debug|Any CPU.Build.0 = Debug|Any CPU
		{759FA5EA-93C5-480E-9D7D-32250DF57DFC}.Release|Any CPU.ActiveCfg = Release|Any CPU
		{759FA5EA-93C5-480E-9D7D-32250DF57DFC}.Release|Any CPU.Build.0 = Release|Any CPU
		{9127F21E-3C4E-4276-855C-C2BC3B44360B}.Debug|Any CPU.ActiveCfg = Debug|Any CPU
		{9127F21E-3C4E-4276-855C-C2BC3B44360B}.Debug|Any CPU.Build.0 = Debug|Any CPU
		{9127F21E-3C4E-4276-855C-C2BC3B44360B}.Release|Any CPU.ActiveCfg = Release|Any CPU
		{9127F21E-3C4E-4276-855C-C2BC3B44360B}.Release|Any CPU.Build.0 = Release|Any CPU
	EndGlobalSection
	GlobalSection(SolutionProperties) = preSolution
		HideSolutionNode = FALSE
	EndGlobalSection
	GlobalSection(NestedProjects) = preSolution
		{759FA5EA-93C5-480E-9D7D-32250DF57DFC} = {7307648D-A46C-476B-A233-BA9BA0B6D192}
	EndGlobalSection
EndGlobal
