
Microsoft Visual Studio Solution File, Format Version 12.00
# Visual Studio 2013
VisualStudioVersion = 12.0.40629.0
MinimumVisualStudioVersion = 10.0.40219.1
Project("{FAE04EC0-301F-11D3-BF4B-00C04F79EFBC}") = "P5.MVC.App", "P5.MVC.App\P5.MVC.App.csproj", "{6A256C8B-7B3A-4921-8862-A714AB92CC52}"
EndProject
Project("{FAE04EC0-301F-11D3-BF4B-00C04F79EFBC}") = "AA.Reference.App", "AA.Reference.App\AA.Reference.App.csproj", "{BE656428-D385-489C-AB26-D7A72B697399}"
EndProject
Project("{FAE04EC0-301F-11D3-BF4B-00C04F79EFBC}") = "P5.InMemoryIdenity.ForSingleExternalAuthOnly", "P5.InMemoryIdenity.ForSingleExternalAuthOnly\P5.InMemoryIdenity.ForSingleExternalAuthOnly.csproj", "{345DFDBC-4287-440D-945B-121B6736F390}"
EndProject
Project("{FAE04EC0-301F-11D3-BF4B-00C04F79EFBC}") = "P5.IdentityServer3AllInOne.App", "P5.IdentityServer3AllInOne.App\P5.IdentityServer3AllInOne.App.csproj", "{5AEF6D87-6B82-4718-A556-FECF6AFCE76C}"
EndProject
Project("{FAE04EC0-301F-11D3-BF4B-00C04F79EFBC}") = "P5.IdentityServerCore", "P5.IdentityServerCore\P5.IdentityServerCore.csproj", "{BD903BD0-8285-4C97-95E8-68F646432604}"
EndProject
Global
	GlobalSection(SolutionConfigurationPlatforms) = preSolution
		Debug|Any CPU = Debug|Any CPU
		Release|Any CPU = Release|Any CPU
	EndGlobalSection
	GlobalSection(ProjectConfigurationPlatforms) = postSolution
		{6A256C8B-7B3A-4921-8862-A714AB92CC52}.Debug|Any CPU.ActiveCfg = Debug|Any CPU
		{6A256C8B-7B3A-4921-8862-A714AB92CC52}.Debug|Any CPU.Build.0 = Debug|Any CPU
		{6A256C8B-7B3A-4921-8862-A714AB92CC52}.Release|Any CPU.ActiveCfg = Release|Any CPU
		{6A256C8B-7B3A-4921-8862-A714AB92CC52}.Release|Any CPU.Build.0 = Release|Any CPU
		{BE656428-D385-489C-AB26-D7A72B697399}.Debug|Any CPU.ActiveCfg = Debug|Any CPU
		{BE656428-D385-489C-AB26-D7A72B697399}.Debug|Any CPU.Build.0 = Debug|Any CPU
		{BE656428-D385-489C-AB26-D7A72B697399}.Release|Any CPU.ActiveCfg = Release|Any CPU
		{BE656428-D385-489C-AB26-D7A72B697399}.Release|Any CPU.Build.0 = Release|Any CPU
		{345DFDBC-4287-440D-945B-121B6736F390}.Debug|Any CPU.ActiveCfg = Debug|Any CPU
		{345DFDBC-4287-440D-945B-121B6736F390}.Debug|Any CPU.Build.0 = Debug|Any CPU
		{345DFDBC-4287-440D-945B-121B6736F390}.Release|Any CPU.ActiveCfg = Release|Any CPU
		{345DFDBC-4287-440D-945B-121B6736F390}.Release|Any CPU.Build.0 = Release|Any CPU
		{5AEF6D87-6B82-4718-A556-FECF6AFCE76C}.Debug|Any CPU.ActiveCfg = Debug|Any CPU
		{5AEF6D87-6B82-4718-A556-FECF6AFCE76C}.Debug|Any CPU.Build.0 = Debug|Any CPU
		{5AEF6D87-6B82-4718-A556-FECF6AFCE76C}.Release|Any CPU.ActiveCfg = Release|Any CPU
		{5AEF6D87-6B82-4718-A556-FECF6AFCE76C}.Release|Any CPU.Build.0 = Release|Any CPU
		{BD903BD0-8285-4C97-95E8-68F646432604}.Debug|Any CPU.ActiveCfg = Debug|Any CPU
		{BD903BD0-8285-4C97-95E8-68F646432604}.Debug|Any CPU.Build.0 = Debug|Any CPU
		{BD903BD0-8285-4C97-95E8-68F646432604}.Release|Any CPU.ActiveCfg = Release|Any CPU
		{BD903BD0-8285-4C97-95E8-68F646432604}.Release|Any CPU.Build.0 = Release|Any CPU
	EndGlobalSection
	GlobalSection(SolutionProperties) = preSolution
		HideSolutionNode = FALSE
	EndGlobalSection
EndGlobal
