
Microsoft Visual Studio Solution File, Format Version 12.00
# Visual Studio 2013
VisualStudioVersion = 12.0.40629.0
MinimumVisualStudioVersion = 10.0.40219.1
Project("{FAE04EC0-301F-11D3-BF4B-00C04F79EFBC}") = "P5.MVC.App", "P5.MVC.App\P5.MVC.App.csproj", "{6A256C8B-7B3A-4921-8862-A714AB92CC52}"
EndProject
Project("{FAE04EC0-301F-11D3-BF4B-00C04F79EFBC}") = "AA.Reference.App", "AA.Reference.App\AA.Reference.App.csproj", "{BE656428-D385-489C-AB26-D7A72B697399}"
EndProject
Project("{FAE04EC0-301F-11D3-BF4B-00C04F79EFBC}") = "P5.InMemoryIdenity.ForSingleExternalAuthOnly", "P5.InMemoryIdenity.ForSingleExternalAuthOnly\P5.InMemoryIdenity.ForSingleExternalAuthOnly.csproj", "{345DFDBC-4287-440D-945B-121B6736F390}"
EndProject
Project("{FAE04EC0-301F-11D3-BF4B-00C04F79EFBC}") = "P5.IdentityServer3AllInOne.App", "P5.IdentityServer3AllInOne.App\P5.IdentityServer3AllInOne.App.csproj", "{5AEF6D87-6B82-4718-A556-FECF6AFCE76C}"
EndProject
Project("{FAE04EC0-301F-11D3-BF4B-00C04F79EFBC}") = "P5.IdentityServerCore", "P5.IdentityServerCore\P5.IdentityServerCore.csproj", "{BD903BD0-8285-4C97-95E8-68F646432604}"
EndProject
Project("{FAE04EC0-301F-11D3-BF4B-00C04F79EFBC}") = "P5.AspNet.Identity.Biggy", "P5.AspNet.Identity.Biggy\P5.AspNet.Identity.Biggy.csproj", "{EC8C86FF-227C-493A-81EB-C3CDAA7741D2}"
EndProject
Project("{FAE04EC0-301F-11D3-BF4B-00C04F79EFBC}") = "P5.IdentityServerConsole.Client", "P5.IdentityServerConsole.Client\P5.IdentityServerConsole.Client.csproj", "{B6D7B957-BC40-4917-9B6A-F246A976883B}"
EndProject
Project("{FAE04EC0-301F-11D3-BF4B-00C04F79EFBC}") = "P5.IdentityServer3.BiggyJson", "P5.IdentityServer3.BiggyJson\P5.IdentityServer3.BiggyJson.csproj", "{9127F21E-3C4E-4276-855C-C2BC3B44360B}"
EndProject
Project("{2150E333-8FDC-42A3-9474-1A3956D46DE8}") = "Tests", "Tests", "{7307648D-A46C-476B-A233-BA9BA0B6D192}"
EndProject
Project("{FAE04EC0-301F-11D3-BF4B-00C04F79EFBC}") = "P5.IdentityServer3.BiggyJson.Test", "P5.IdentityServer3.BiggyJson.Test\P5.IdentityServer3.BiggyJson.Test.csproj", "{759FA5EA-93C5-480E-9D7D-32250DF57DFC}"
EndProject
Project("{2150E333-8FDC-42A3-9474-1A3956D46DE8}") = "All-In-One-Hosts", "All-In-One-Hosts", "{9004653F-1CFD-4852-A548-D09D3252D7D0}"
EndProject
Project("{FAE04EC0-301F-11D3-BF4B-00C04F79EFBC}") = "CustomClientCredentialHost.Console.Client", "CustomClientCredentialHost.Console.Client\CustomClientCredentialHost.Console.Client.csproj", "{AB00C613-52B5-4A0B-960A-76BE6995E4CC}"
EndProject
Project("{FAE04EC0-301F-11D3-BF4B-00C04F79EFBC}") = "CustomClientCredentialHost", "CustomClientCredentialHost\CustomClientCredentialHost.csproj", "{DEB75B3B-74D8-4884-8AD7-D0C59AC697CF}"
EndProject
Project("{FAE04EC0-301F-11D3-BF4B-00C04F79EFBC}") = "P5.IdentityServer3.Cassandra", "P5.IdentityServer3.Cassandra\P5.IdentityServer3.Cassandra.csproj", "{98266DEF-FF72-4AB6-933F-45058CAC5911}"
EndProject
Project("{FAE04EC0-301F-11D3-BF4B-00C04F79EFBC}") = "P5.IdentityServer3.Common", "P5.IdentityServer3.Common\P5.IdentityServer3.Common.csproj", "{CBEF1303-A168-4860-8537-2B23A3CCB844}"
EndProject
Project("{2150E333-8FDC-42A3-9474-1A3956D46DE8}") = "Cassandra", "Cassandra", "{9A70D75E-42F3-4643-947B-BBAFF84FEDC2}"
EndProject
Project("{FAE04EC0-301F-11D3-BF4B-00C04F79EFBC}") = "P5.CassandraStore", "P5.CassandraStore\P5.CassandraStore.csproj", "{51566EAE-2937-41D2-A6C8-D055A74A6209}"
EndProject
Project("{FAE04EC0-301F-11D3-BF4B-00C04F79EFBC}") = "P5.IdentityServer3.Cassandra.Test", "P5.IdentityServer3.Cassandra.Test\P5.IdentityServer3.Cassandra.Test.csproj", "{A9C17302-42C9-410A-95BF-FE1B7895668E}"
EndProject
Project("{FAE04EC0-301F-11D3-BF4B-00C04F79EFBC}") = "P5.MSTest.Common", "P5.MSTest.Common\P5.MSTest.Common.csproj", "{3C4F40C1-A2B3-4CFC-B634-E188EFDBD247}"
EndProject
Project("{FAE04EC0-301F-11D3-BF4B-00C04F79EFBC}") = "P5.IdentityServer3.Stores", "P5.IdentityServer3.Stores\P5.IdentityServer3.Stores.csproj", "{E2C054D4-96A0-460B-BC20-D17260AB72D6}"
EndProject
Project("{2150E333-8FDC-42A3-9474-1A3956D46DE8}") = "IdentityServer3 Common", "IdentityServer3 Common", "{ED6DEF6D-1A76-4F4D-96DF-53E1525543AA}"
EndProject
Project("{2150E333-8FDC-42A3-9474-1A3956D46DE8}") = "Biggy", "Biggy", "{F5A05E41-890F-4EBD-BD57-A62930689909}"
EndProject
Global
	GlobalSection(SolutionConfigurationPlatforms) = preSolution
		Debug|Any CPU = Debug|Any CPU
		Release|Any CPU = Release|Any CPU
	EndGlobalSection
	GlobalSection(ProjectConfigurationPlatforms) = postSolution
		{6A256C8B-7B3A-4921-8862-A714AB92CC52}.Debug|Any CPU.ActiveCfg = Debug|Any CPU
		{6A256C8B-7B3A-4921-8862-A714AB92CC52}.Debug|Any CPU.Build.0 = Debug|Any CPU
		{6A256C8B-7B3A-4921-8862-A714AB92CC52}.Release|Any CPU.ActiveCfg = Release|Any CPU
		{6A256C8B-7B3A-4921-8862-A714AB92CC52}.Release|Any CPU.Build.0 = Release|Any CPU
		{BE656428-D385-489C-AB26-D7A72B697399}.Debug|Any CPU.ActiveCfg = Debug|Any CPU
		{BE656428-D385-489C-AB26-D7A72B697399}.Debug|Any CPU.Build.0 = Debug|Any CPU
		{BE656428-D385-489C-AB26-D7A72B697399}.Release|Any CPU.ActiveCfg = Release|Any CPU
		{BE656428-D385-489C-AB26-D7A72B697399}.Release|Any CPU.Build.0 = Release|Any CPU
		{345DFDBC-4287-440D-945B-121B6736F390}.Debug|Any CPU.ActiveCfg = Debug|Any CPU
		{345DFDBC-4287-440D-945B-121B6736F390}.Debug|Any CPU.Build.0 = Debug|Any CPU
		{345DFDBC-4287-440D-945B-121B6736F390}.Release|Any CPU.ActiveCfg = Release|Any CPU
		{345DFDBC-4287-440D-945B-121B6736F390}.Release|Any CPU.Build.0 = Release|Any CPU
		{5AEF6D87-6B82-4718-A556-FECF6AFCE76C}.Debug|Any CPU.ActiveCfg = Debug|Any CPU
		{5AEF6D87-6B82-4718-A556-FECF6AFCE76C}.Debug|Any CPU.Build.0 = Debug|Any CPU
		{5AEF6D87-6B82-4718-A556-FECF6AFCE76C}.Release|Any CPU.ActiveCfg = Release|Any CPU
		{5AEF6D87-6B82-4718-A556-FECF6AFCE76C}.Release|Any CPU.Build.0 = Release|Any CPU
		{BD903BD0-8285-4C97-95E8-68F646432604}.Debug|Any CPU.ActiveCfg = Debug|Any CPU
		{BD903BD0-8285-4C97-95E8-68F646432604}.Debug|Any CPU.Build.0 = Debug|Any CPU
		{BD903BD0-8285-4C97-95E8-68F646432604}.Release|Any CPU.ActiveCfg = Release|Any CPU
		{BD903BD0-8285-4C97-95E8-68F646432604}.Release|Any CPU.Build.0 = Release|Any CPU
		{EC8C86FF-227C-493A-81EB-C3CDAA7741D2}.Debug|Any CPU.ActiveCfg = Debug|Any CPU
		{EC8C86FF-227C-493A-81EB-C3CDAA7741D2}.Debug|Any CPU.Build.0 = Debug|Any CPU
		{EC8C86FF-227C-493A-81EB-C3CDAA7741D2}.Release|Any CPU.ActiveCfg = Release|Any CPU
		{EC8C86FF-227C-493A-81EB-C3CDAA7741D2}.Release|Any CPU.Build.0 = Release|Any CPU
		{B6D7B957-BC40-4917-9B6A-F246A976883B}.Debug|Any CPU.ActiveCfg = Debug|Any CPU
		{B6D7B957-BC40-4917-9B6A-F246A976883B}.Debug|Any CPU.Build.0 = Debug|Any CPU
		{B6D7B957-BC40-4917-9B6A-F246A976883B}.Release|Any CPU.ActiveCfg = Release|Any CPU
		{B6D7B957-BC40-4917-9B6A-F246A976883B}.Release|Any CPU.Build.0 = Release|Any CPU
		{9127F21E-3C4E-4276-855C-C2BC3B44360B}.Debug|Any CPU.ActiveCfg = Debug|Any CPU
		{9127F21E-3C4E-4276-855C-C2BC3B44360B}.Debug|Any CPU.Build.0 = Debug|Any CPU
		{9127F21E-3C4E-4276-855C-C2BC3B44360B}.Release|Any CPU.ActiveCfg = Release|Any CPU
		{9127F21E-3C4E-4276-855C-C2BC3B44360B}.Release|Any CPU.Build.0 = Release|Any CPU
		{759FA5EA-93C5-480E-9D7D-32250DF57DFC}.Debug|Any CPU.ActiveCfg = Debug|Any CPU
		{759FA5EA-93C5-480E-9D7D-32250DF57DFC}.Debug|Any CPU.Build.0 = Debug|Any CPU
		{759FA5EA-93C5-480E-9D7D-32250DF57DFC}.Release|Any CPU.ActiveCfg = Release|Any CPU
		{759FA5EA-93C5-480E-9D7D-32250DF57DFC}.Release|Any CPU.Build.0 = Release|Any CPU
		{AB00C613-52B5-4A0B-960A-76BE6995E4CC}.Debug|Any CPU.ActiveCfg = Debug|Any CPU
		{AB00C613-52B5-4A0B-960A-76BE6995E4CC}.Debug|Any CPU.Build.0 = Debug|Any CPU
		{AB00C613-52B5-4A0B-960A-76BE6995E4CC}.Release|Any CPU.ActiveCfg = Release|Any CPU
		{AB00C613-52B5-4A0B-960A-76BE6995E4CC}.Release|Any CPU.Build.0 = Release|Any CPU
		{DEB75B3B-74D8-4884-8AD7-D0C59AC697CF}.Debug|Any CPU.ActiveCfg = Debug|Any CPU
		{DEB75B3B-74D8-4884-8AD7-D0C59AC697CF}.Debug|Any CPU.Build.0 = Debug|Any CPU
		{DEB75B3B-74D8-4884-8AD7-D0C59AC697CF}.Release|Any CPU.ActiveCfg = Release|Any CPU
		{DEB75B3B-74D8-4884-8AD7-D0C59AC697CF}.Release|Any CPU.Build.0 = Release|Any CPU
		{98266DEF-FF72-4AB6-933F-45058CAC5911}.Debug|Any CPU.ActiveCfg = Debug|Any CPU
		{98266DEF-FF72-4AB6-933F-45058CAC5911}.Debug|Any CPU.Build.0 = Debug|Any CPU
		{98266DEF-FF72-4AB6-933F-45058CAC5911}.Release|Any CPU.ActiveCfg = Release|Any CPU
		{98266DEF-FF72-4AB6-933F-45058CAC5911}.Release|Any CPU.Build.0 = Release|Any CPU
		{CBEF1303-A168-4860-8537-2B23A3CCB844}.Debug|Any CPU.ActiveCfg = Debug|Any CPU
		{CBEF1303-A168-4860-8537-2B23A3CCB844}.Debug|Any CPU.Build.0 = Debug|Any CPU
		{CBEF1303-A168-4860-8537-2B23A3CCB844}.Release|Any CPU.ActiveCfg = Release|Any CPU
		{CBEF1303-A168-4860-8537-2B23A3CCB844}.Release|Any CPU.Build.0 = Release|Any CPU
		{51566EAE-2937-41D2-A6C8-D055A74A6209}.Debug|Any CPU.ActiveCfg = Debug|Any CPU
		{51566EAE-2937-41D2-A6C8-D055A74A6209}.Debug|Any CPU.Build.0 = Debug|Any CPU
		{51566EAE-2937-41D2-A6C8-D055A74A6209}.Release|Any CPU.ActiveCfg = Release|Any CPU
		{51566EAE-2937-41D2-A6C8-D055A74A6209}.Release|Any CPU.Build.0 = Release|Any CPU
		{A9C17302-42C9-410A-95BF-FE1B7895668E}.Debug|Any CPU.ActiveCfg = Debug|Any CPU
		{A9C17302-42C9-410A-95BF-FE1B7895668E}.Debug|Any CPU.Build.0 = Debug|Any CPU
		{A9C17302-42C9-410A-95BF-FE1B7895668E}.Release|Any CPU.ActiveCfg = Release|Any CPU
		{A9C17302-42C9-410A-95BF-FE1B7895668E}.Release|Any CPU.Build.0 = Release|Any CPU
		{3C4F40C1-A2B3-4CFC-B634-E188EFDBD247}.Debug|Any CPU.ActiveCfg = Debug|Any CPU
		{3C4F40C1-A2B3-4CFC-B634-E188EFDBD247}.Debug|Any CPU.Build.0 = Debug|Any CPU
		{3C4F40C1-A2B3-4CFC-B634-E188EFDBD247}.Release|Any CPU.ActiveCfg = Release|Any CPU
		{3C4F40C1-A2B3-4CFC-B634-E188EFDBD247}.Release|Any CPU.Build.0 = Release|Any CPU
		{E2C054D4-96A0-460B-BC20-D17260AB72D6}.Debug|Any CPU.ActiveCfg = Debug|Any CPU
		{E2C054D4-96A0-460B-BC20-D17260AB72D6}.Debug|Any CPU.Build.0 = Debug|Any CPU
		{E2C054D4-96A0-460B-BC20-D17260AB72D6}.Release|Any CPU.ActiveCfg = Release|Any CPU
		{E2C054D4-96A0-460B-BC20-D17260AB72D6}.Release|Any CPU.Build.0 = Release|Any CPU
	EndGlobalSection
	GlobalSection(SolutionProperties) = preSolution
		HideSolutionNode = FALSE
	EndGlobalSection
	GlobalSection(NestedProjects) = preSolution
		{EC8C86FF-227C-493A-81EB-C3CDAA7741D2} = {F5A05E41-890F-4EBD-BD57-A62930689909}
		{9127F21E-3C4E-4276-855C-C2BC3B44360B} = {F5A05E41-890F-4EBD-BD57-A62930689909}
		{759FA5EA-93C5-480E-9D7D-32250DF57DFC} = {7307648D-A46C-476B-A233-BA9BA0B6D192}
		{AB00C613-52B5-4A0B-960A-76BE6995E4CC} = {9004653F-1CFD-4852-A548-D09D3252D7D0}
		{DEB75B3B-74D8-4884-8AD7-D0C59AC697CF} = {9004653F-1CFD-4852-A548-D09D3252D7D0}
		{98266DEF-FF72-4AB6-933F-45058CAC5911} = {9A70D75E-42F3-4643-947B-BBAFF84FEDC2}
		{CBEF1303-A168-4860-8537-2B23A3CCB844} = {ED6DEF6D-1A76-4F4D-96DF-53E1525543AA}
		{51566EAE-2937-41D2-A6C8-D055A74A6209} = {9A70D75E-42F3-4643-947B-BBAFF84FEDC2}
		{A9C17302-42C9-410A-95BF-FE1B7895668E} = {7307648D-A46C-476B-A233-BA9BA0B6D192}
		{3C4F40C1-A2B3-4CFC-B634-E188EFDBD247} = {7307648D-A46C-476B-A233-BA9BA0B6D192}
		{E2C054D4-96A0-460B-BC20-D17260AB72D6} = {ED6DEF6D-1A76-4F4D-96DF-53E1525543AA}
	EndGlobalSection
EndGlobal
